
Microsoft Visual Studio Solution File, Format Version 12.00
# Visual Studio Version 17
VisualStudioVersion = 17.0.31912.275
MinimumVisualStudioVersion = 10.0.40219.1
Project("{9A19103F-16F7-4668-BE54-9A1E7A4F7556}") = "Devolutions.Authenticode", "Devolutions.Authenticode\Devolutions.Authenticode.csproj", "{C66708BF-1231-43BC-A0F9-5795EEC4A064}"
EndProject
Project("{9A19103F-16F7-4668-BE54-9A1E7A4F7556}") = "Devolutions.Authenticode.Powershell", "Devolutions.Authenticode.PowerShell\Devolutions.Authenticode.Powershell.csproj", "{C47347BA-D3F9-4791-BE9D-D5DF26BE8D01}"
EndProject
Global
	GlobalSection(SolutionConfigurationPlatforms) = preSolution
		Debug|Any CPU = Debug|Any CPU
		Release|Any CPU = Release|Any CPU
	EndGlobalSection
	GlobalSection(ProjectConfigurationPlatforms) = postSolution
		{C66708BF-1231-43BC-A0F9-5795EEC4A064}.Debug|Any CPU.ActiveCfg = Debug|Any CPU
		{C66708BF-1231-43BC-A0F9-5795EEC4A064}.Debug|Any CPU.Build.0 = Debug|Any CPU
		{C66708BF-1231-43BC-A0F9-5795EEC4A064}.Release|Any CPU.ActiveCfg = Release|Any CPU
		{C66708BF-1231-43BC-A0F9-5795EEC4A064}.Release|Any CPU.Build.0 = Release|Any CPU
		{C47347BA-D3F9-4791-BE9D-D5DF26BE8D01}.Debug|Any CPU.ActiveCfg = Debug|Any CPU
		{C47347BA-D3F9-4791-BE9D-D5DF26BE8D01}.Debug|Any CPU.Build.0 = Debug|Any CPU
		{C47347BA-D3F9-4791-BE9D-D5DF26BE8D01}.Release|Any CPU.ActiveCfg = Release|Any CPU
		{C47347BA-D3F9-4791-BE9D-D5DF26BE8D01}.Release|Any CPU.Build.0 = Release|Any CPU
	EndGlobalSection
	GlobalSection(SolutionProperties) = preSolution
		HideSolutionNode = FALSE
	EndGlobalSection
	GlobalSection(ExtensibilityGlobals) = postSolution
		SolutionGuid = {56AD414F-FB3E-45E3-B81B-8FAAE650F54B}
	EndGlobalSection
EndGlobal
